
Microsoft Visual Studio Solution File, Format Version 12.00
# Visual Studio Version 16
VisualStudioVersion = 16.0.29418.71
MinimumVisualStudioVersion = 10.0.40219.1
Project("{FAE04EC0-301F-11D3-BF4B-00C04F79EFBC}") = "ZD6", "ZD6\ZD6.csproj", "{6FC0EC73-36D3-4532-837B-77C6C6259322}"
EndProject
Global
	GlobalSection(SolutionConfigurationPlatforms) = preSolution
		Debug|Any CPU = Debug|Any CPU
		Release|Any CPU = Release|Any CPU
	EndGlobalSection
	GlobalSection(ProjectConfigurationPlatforms) = postSolution
		{6FC0EC73-36D3-4532-837B-77C6C6259322}.Debug|Any CPU.ActiveCfg = Debug|Any CPU
		{6FC0EC73-36D3-4532-837B-77C6C6259322}.Debug|Any CPU.Build.0 = Debug|Any CPU
		{6FC0EC73-36D3-4532-837B-77C6C6259322}.Release|Any CPU.ActiveCfg = Release|Any CPU
		{6FC0EC73-36D3-4532-837B-77C6C6259322}.Release|Any CPU.Build.0 = Release|Any CPU
	EndGlobalSection
	GlobalSection(SolutionProperties) = preSolution
		HideSolutionNode = FALSE
	EndGlobalSection
	GlobalSection(ExtensibilityGlobals) = postSolution
		SolutionGuid = {0A32B777-EF6C-4670-8C6D-85946855F93F}
	EndGlobalSection
EndGlobal
